
Microsoft Visual Studio Solution File, Format Version 12.00
# Visual Studio Version 17
VisualStudioVersion = 17.12.35527.113
MinimumVisualStudioVersion = 10.0.40219.1
Project("{2150E333-8FDC-42A3-9474-1A3956D46DE8}") = "src", "src", "{9AC983E7-4E92-4808-94E7-7E97ED2EC84A}"
EndProject
Project("{2150E333-8FDC-42A3-9474-1A3956D46DE8}") = "Core", "Core", "{564B0B77-AE7E-4142-BEC1-E4641AAF211F}"
EndProject
Project("{2150E333-8FDC-42A3-9474-1A3956D46DE8}") = "Infrastructure", "Infrastructure", "{0D3943F3-CB71-4935-A5E0-DE19365D3A70}"
EndProject
Project("{2150E333-8FDC-42A3-9474-1A3956D46DE8}") = "test", "test", "{1F525E0F-6C4D-4619-9DEA-B216EADC87B7}"
EndProject
Project("{2150E333-8FDC-42A3-9474-1A3956D46DE8}") = "presentation", "presentation", "{DBF963A0-37EE-4441-A88C-33BADB761517}"
EndProject
Project("{FAE04EC0-301F-11D3-BF4B-00C04F79EFBC}") = "VersaTools.Domain", "src\Core\VersaTools.Domain\VersaTools.Domain.csproj", "{1D75AD6A-389F-472C-9F40-E8790C0539AE}"
EndProject
Project("{FAE04EC0-301F-11D3-BF4B-00C04F79EFBC}") = "VersaTools.Application", "src\Core\VersaTools.Application\VersaTools.Application.csproj", "{9BABA559-39BC-42A2-BB15-97BB848F14AF}"
EndProject
Project("{FAE04EC0-301F-11D3-BF4B-00C04F79EFBC}") = "VersaTools.Persistence", "src\Infrastructure\VersaTools.Persistence\VersaTools.Persistence.csproj", "{44EFD8C1-B9D6-4C1E-AE0C-892536ADCC7A}"
EndProject
Project("{FAE04EC0-301F-11D3-BF4B-00C04F79EFBC}") = "VersaTools.Infrastructure", "src\Infrastructure\VersaTools.Infrastructure\VersaTools.Infrastructure.csproj", "{562BA779-03EF-4EA4-90FC-AD165FC42AE7}"
EndProject
Project("{FAE04EC0-301F-11D3-BF4B-00C04F79EFBC}") = "VersaTools.API", "presentation\VersaTools.API\VersaTools.API.csproj", "{23597DBD-B62D-4BC6-A307-8B21991016C8}"
EndProject
Project("{2150E333-8FDC-42A3-9474-1A3956D46DE8}") = "server", "server", "{5B514E5C-2951-444D-AD86-161D7489FC19}"
	ProjectSection(SolutionItems) = preProject
		Dockerfile = Dockerfile
	EndProjectSection
EndProject
Project("{888888A0-9F3D-457C-B088-3A5042F75D52}") = "server", "server\server.pyproj", "{B4D076A8-3DCB-473E-8212-3A2EE46CA20A}"
EndProject
Project("{2150E333-8FDC-42A3-9474-1A3956D46DE8}") = "telegram", "telegram", "{02EA681E-C7D8-13C7-8484-4AC65E1B71E8}"
EndProject
Project("{888888A0-9F3D-457C-B088-3A5042F75D52}") = "TelegramBot", "TelegramBot\TelegramBot.pyproj", "{52B94438-32D9-4DAE-9E4A-EA6A93A882B9}"
EndProject
Global
	GlobalSection(SolutionConfigurationPlatforms) = preSolution
		Debug|Any CPU = Debug|Any CPU
		Release|Any CPU = Release|Any CPU
	EndGlobalSection
	GlobalSection(ProjectConfigurationPlatforms) = postSolution
		{1D75AD6A-389F-472C-9F40-E8790C0539AE}.Debug|Any CPU.ActiveCfg = Debug|Any CPU
		{1D75AD6A-389F-472C-9F40-E8790C0539AE}.Debug|Any CPU.Build.0 = Debug|Any CPU
		{1D75AD6A-389F-472C-9F40-E8790C0539AE}.Release|Any CPU.ActiveCfg = Release|Any CPU
		{1D75AD6A-389F-472C-9F40-E8790C0539AE}.Release|Any CPU.Build.0 = Release|Any CPU
		{9BABA559-39BC-42A2-BB15-97BB848F14AF}.Debug|Any CPU.ActiveCfg = Debug|Any CPU
		{9BABA559-39BC-42A2-BB15-97BB848F14AF}.Debug|Any CPU.Build.0 = Debug|Any CPU
		{9BABA559-39BC-42A2-BB15-97BB848F14AF}.Release|Any CPU.ActiveCfg = Release|Any CPU
		{9BABA559-39BC-42A2-BB15-97BB848F14AF}.Release|Any CPU.Build.0 = Release|Any CPU
		{44EFD8C1-B9D6-4C1E-AE0C-892536ADCC7A}.Debug|Any CPU.ActiveCfg = Debug|Any CPU
		{44EFD8C1-B9D6-4C1E-AE0C-892536ADCC7A}.Debug|Any CPU.Build.0 = Debug|Any CPU
		{44EFD8C1-B9D6-4C1E-AE0C-892536ADCC7A}.Release|Any CPU.ActiveCfg = Release|Any CPU
		{44EFD8C1-B9D6-4C1E-AE0C-892536ADCC7A}.Release|Any CPU.Build.0 = Release|Any CPU
		{562BA779-03EF-4EA4-90FC-AD165FC42AE7}.Debug|Any CPU.ActiveCfg = Debug|Any CPU
		{562BA779-03EF-4EA4-90FC-AD165FC42AE7}.Debug|Any CPU.Build.0 = Debug|Any CPU
		{562BA779-03EF-4EA4-90FC-AD165FC42AE7}.Release|Any CPU.ActiveCfg = Release|Any CPU
		{562BA779-03EF-4EA4-90FC-AD165FC42AE7}.Release|Any CPU.Build.0 = Release|Any CPU
		{23597DBD-B62D-4BC6-A307-8B21991016C8}.Debug|Any CPU.ActiveCfg = Debug|Any CPU
		{23597DBD-B62D-4BC6-A307-8B21991016C8}.Debug|Any CPU.Build.0 = Debug|Any CPU
		{23597DBD-B62D-4BC6-A307-8B21991016C8}.Release|Any CPU.ActiveCfg = Release|Any CPU
		{23597DBD-B62D-4BC6-A307-8B21991016C8}.Release|Any CPU.Build.0 = Release|Any CPU
		{B4D076A8-3DCB-473E-8212-3A2EE46CA20A}.Debug|Any CPU.ActiveCfg = Debug|Any CPU
		{B4D076A8-3DCB-473E-8212-3A2EE46CA20A}.Release|Any CPU.ActiveCfg = Release|Any CPU
		{52B94438-32D9-4DAE-9E4A-EA6A93A882B9}.Debug|Any CPU.ActiveCfg = Debug|Any CPU
		{52B94438-32D9-4DAE-9E4A-EA6A93A882B9}.Release|Any CPU.ActiveCfg = Release|Any CPU
	EndGlobalSection
	GlobalSection(SolutionProperties) = preSolution
		HideSolutionNode = FALSE
	EndGlobalSection
	GlobalSection(NestedProjects) = preSolution
		{564B0B77-AE7E-4142-BEC1-E4641AAF211F} = {9AC983E7-4E92-4808-94E7-7E97ED2EC84A}
		{0D3943F3-CB71-4935-A5E0-DE19365D3A70} = {9AC983E7-4E92-4808-94E7-7E97ED2EC84A}
		{1D75AD6A-389F-472C-9F40-E8790C0539AE} = {564B0B77-AE7E-4142-BEC1-E4641AAF211F}
		{9BABA559-39BC-42A2-BB15-97BB848F14AF} = {564B0B77-AE7E-4142-BEC1-E4641AAF211F}
		{44EFD8C1-B9D6-4C1E-AE0C-892536ADCC7A} = {0D3943F3-CB71-4935-A5E0-DE19365D3A70}
		{562BA779-03EF-4EA4-90FC-AD165FC42AE7} = {0D3943F3-CB71-4935-A5E0-DE19365D3A70}
		{23597DBD-B62D-4BC6-A307-8B21991016C8} = {DBF963A0-37EE-4441-A88C-33BADB761517}
		{B4D076A8-3DCB-473E-8212-3A2EE46CA20A} = {5B514E5C-2951-444D-AD86-161D7489FC19}
		{52B94438-32D9-4DAE-9E4A-EA6A93A882B9} = {02EA681E-C7D8-13C7-8484-4AC65E1B71E8}
	EndGlobalSection
	GlobalSection(ExtensibilityGlobals) = postSolution
		SolutionGuid = {96B53E6E-3463-441F-B222-17703E1FAEF1}
	EndGlobalSection
EndGlobal
